
Microsoft Visual Studio Solution File, Format Version 12.00
# Visual Studio Version 16
VisualStudioVersion = 16.0.31702.278
MinimumVisualStudioVersion = 10.0.40219.1
Project("{FAE04EC0-301F-11D3-BF4B-00C04F79EFBC}") = "CornejoRoberto3A", "CornejoRoberto3A\CornejoRoberto3A.csproj", "{1B4C2FC6-7A2C-44DC-BCED-7F8C6A97CE33}"
EndProject
Project("{FAE04EC0-301F-11D3-BF4B-00C04F79EFBC}") = "Ejercicio2", "Ejercicio2\Ejercicio2.csproj", "{CA5ED5BD-D859-48A4-84F7-BBB66BF645E0}"
EndProject
Project("{FAE04EC0-301F-11D3-BF4B-00C04F79EFBC}") = "Ejercicio3", "Ejercicio3\Ejercicio3.csproj", "{5435A72D-94DF-450F-B87B-F949D0C2EB78}"
EndProject
Project("{FAE04EC0-301F-11D3-BF4B-00C04F79EFBC}") = "Ejercicio4", "Ejercicio4\Ejercicio4.csproj", "{3EB79712-E6AF-4792-8EAE-41926722EA0D}"
EndProject
Project("{FAE04EC0-301F-11D3-BF4B-00C04F79EFBC}") = "Ejercicio5", "Ejercicio5\Ejercicio5.csproj", "{7AFEF942-5E90-49CF-831C-90B39628040C}"
EndProject
Project("{FAE04EC0-301F-11D3-BF4B-00C04F79EFBC}") = "Ejercicio6", "Ejercicio6\Ejercicio6.csproj", "{AE505C35-01BF-43ED-B01D-6EB5F32A395B}"
EndProject
Project("{FAE04EC0-301F-11D3-BF4B-00C04F79EFBC}") = "Ejercicio7", "Ejercicio7\Ejercicio7.csproj", "{00C6BCAC-D9E9-4B76-9FA5-2B96A56D05AD}"
EndProject
Project("{FAE04EC0-301F-11D3-BF4B-00C04F79EFBC}") = "Ejercicio8", "Ejercicio8\Ejercicio8.csproj", "{43FCB5FF-DD0B-46F7-8D8B-5A3711DE463C}"
EndProject
Project("{FAE04EC0-301F-11D3-BF4B-00C04F79EFBC}") = "Ejercicio9", "Ejercicio9\Ejercicio9.csproj", "{88D46BA7-BEB6-4117-8761-B02C80550DA2}"
EndProject
Project("{FAE04EC0-301F-11D3-BF4B-00C04F79EFBC}") = "Ejercicio10", "Ejercicio10\Ejercicio10.csproj", "{04C2C41C-FD62-4BF8-828E-CA17CB8C06BD}"
EndProject
Global
	GlobalSection(SolutionConfigurationPlatforms) = preSolution
		Debug|Any CPU = Debug|Any CPU
		Release|Any CPU = Release|Any CPU
	EndGlobalSection
	GlobalSection(ProjectConfigurationPlatforms) = postSolution
		{1B4C2FC6-7A2C-44DC-BCED-7F8C6A97CE33}.Debug|Any CPU.ActiveCfg = Debug|Any CPU
		{1B4C2FC6-7A2C-44DC-BCED-7F8C6A97CE33}.Debug|Any CPU.Build.0 = Debug|Any CPU
		{1B4C2FC6-7A2C-44DC-BCED-7F8C6A97CE33}.Release|Any CPU.ActiveCfg = Release|Any CPU
		{1B4C2FC6-7A2C-44DC-BCED-7F8C6A97CE33}.Release|Any CPU.Build.0 = Release|Any CPU
		{CA5ED5BD-D859-48A4-84F7-BBB66BF645E0}.Debug|Any CPU.ActiveCfg = Debug|Any CPU
		{CA5ED5BD-D859-48A4-84F7-BBB66BF645E0}.Debug|Any CPU.Build.0 = Debug|Any CPU
		{CA5ED5BD-D859-48A4-84F7-BBB66BF645E0}.Release|Any CPU.ActiveCfg = Release|Any CPU
		{CA5ED5BD-D859-48A4-84F7-BBB66BF645E0}.Release|Any CPU.Build.0 = Release|Any CPU
		{5435A72D-94DF-450F-B87B-F949D0C2EB78}.Debug|Any CPU.ActiveCfg = Debug|Any CPU
		{5435A72D-94DF-450F-B87B-F949D0C2EB78}.Debug|Any CPU.Build.0 = Debug|Any CPU
		{5435A72D-94DF-450F-B87B-F949D0C2EB78}.Release|Any CPU.ActiveCfg = Release|Any CPU
		{5435A72D-94DF-450F-B87B-F949D0C2EB78}.Release|Any CPU.Build.0 = Release|Any CPU
		{3EB79712-E6AF-4792-8EAE-41926722EA0D}.Debug|Any CPU.ActiveCfg = Debug|Any CPU
		{3EB79712-E6AF-4792-8EAE-41926722EA0D}.Debug|Any CPU.Build.0 = Debug|Any CPU
		{3EB79712-E6AF-4792-8EAE-41926722EA0D}.Release|Any CPU.ActiveCfg = Release|Any CPU
		{3EB79712-E6AF-4792-8EAE-41926722EA0D}.Release|Any CPU.Build.0 = Release|Any CPU
		{7AFEF942-5E90-49CF-831C-90B39628040C}.Debug|Any CPU.ActiveCfg = Debug|Any CPU
		{7AFEF942-5E90-49CF-831C-90B39628040C}.Debug|Any CPU.Build.0 = Debug|Any CPU
		{7AFEF942-5E90-49CF-831C-90B39628040C}.Release|Any CPU.ActiveCfg = Release|Any CPU
		{7AFEF942-5E90-49CF-831C-90B39628040C}.Release|Any CPU.Build.0 = Release|Any CPU
		{AE505C35-01BF-43ED-B01D-6EB5F32A395B}.Debug|Any CPU.ActiveCfg = Debug|Any CPU
		{AE505C35-01BF-43ED-B01D-6EB5F32A395B}.Debug|Any CPU.Build.0 = Debug|Any CPU
		{AE505C35-01BF-43ED-B01D-6EB5F32A395B}.Release|Any CPU.ActiveCfg = Release|Any CPU
		{AE505C35-01BF-43ED-B01D-6EB5F32A395B}.Release|Any CPU.Build.0 = Release|Any CPU
		{00C6BCAC-D9E9-4B76-9FA5-2B96A56D05AD}.Debug|Any CPU.ActiveCfg = Debug|Any CPU
		{00C6BCAC-D9E9-4B76-9FA5-2B96A56D05AD}.Debug|Any CPU.Build.0 = Debug|Any CPU
		{00C6BCAC-D9E9-4B76-9FA5-2B96A56D05AD}.Release|Any CPU.ActiveCfg = Release|Any CPU
		{00C6BCAC-D9E9-4B76-9FA5-2B96A56D05AD}.Release|Any CPU.Build.0 = Release|Any CPU
		{43FCB5FF-DD0B-46F7-8D8B-5A3711DE463C}.Debug|Any CPU.ActiveCfg = Debug|Any CPU
		{43FCB5FF-DD0B-46F7-8D8B-5A3711DE463C}.Debug|Any CPU.Build.0 = Debug|Any CPU
		{43FCB5FF-DD0B-46F7-8D8B-5A3711DE463C}.Release|Any CPU.ActiveCfg = Release|Any CPU
		{43FCB5FF-DD0B-46F7-8D8B-5A3711DE463C}.Release|Any CPU.Build.0 = Release|Any CPU
		{88D46BA7-BEB6-4117-8761-B02C80550DA2}.Debug|Any CPU.ActiveCfg = Debug|Any CPU
		{88D46BA7-BEB6-4117-8761-B02C80550DA2}.Debug|Any CPU.Build.0 = Debug|Any CPU
		{88D46BA7-BEB6-4117-8761-B02C80550DA2}.Release|Any CPU.ActiveCfg = Release|Any CPU
		{88D46BA7-BEB6-4117-8761-B02C80550DA2}.Release|Any CPU.Build.0 = Release|Any CPU
		{04C2C41C-FD62-4BF8-828E-CA17CB8C06BD}.Debug|Any CPU.ActiveCfg = Debug|Any CPU
		{04C2C41C-FD62-4BF8-828E-CA17CB8C06BD}.Debug|Any CPU.Build.0 = Debug|Any CPU
		{04C2C41C-FD62-4BF8-828E-CA17CB8C06BD}.Release|Any CPU.ActiveCfg = Release|Any CPU
		{04C2C41C-FD62-4BF8-828E-CA17CB8C06BD}.Release|Any CPU.Build.0 = Release|Any CPU
	EndGlobalSection
	GlobalSection(SolutionProperties) = preSolution
		HideSolutionNode = FALSE
	EndGlobalSection
	GlobalSection(ExtensibilityGlobals) = postSolution
		SolutionGuid = {01B026E9-A830-4AE8-8F1F-175626B9D2E8}
	EndGlobalSection
EndGlobal
